
Microsoft Visual Studio Solution File, Format Version 12.00
# Visual Studio 15
VisualStudioVersion = 15.0.27703.2042
MinimumVisualStudioVersion = 10.0.40219.1
Project("{FAE04EC0-301F-11D3-BF4B-00C04F79EFBC}") = "DialogAppBase", "DialogAppBase\DialogAppBase.csproj", "{5131B488-526A-4E44-A333-7D1F46FBBBC4}"
EndProject
Project("{FAE04EC0-301F-11D3-BF4B-00C04F79EFBC}") = "DialogAppWindowBase", "DialogAppWindowBase\DialogAppWindowBase.csproj", "{9FEF5529-9763-4964-886B-BFE2DA144874}"
EndProject
Global
	GlobalSection(SolutionConfigurationPlatforms) = preSolution
		Debug|Any CPU = Debug|Any CPU
		Release|Any CPU = Release|Any CPU
	EndGlobalSection
	GlobalSection(ProjectConfigurationPlatforms) = postSolution
		{5131B488-526A-4E44-A333-7D1F46FBBBC4}.Debug|Any CPU.ActiveCfg = Debug|Any CPU
		{5131B488-526A-4E44-A333-7D1F46FBBBC4}.Debug|Any CPU.Build.0 = Debug|Any CPU
		{5131B488-526A-4E44-A333-7D1F46FBBBC4}.Release|Any CPU.ActiveCfg = Release|Any CPU
		{5131B488-526A-4E44-A333-7D1F46FBBBC4}.Release|Any CPU.Build.0 = Release|Any CPU
		{9FEF5529-9763-4964-886B-BFE2DA144874}.Debug|Any CPU.ActiveCfg = Debug|Any CPU
		{9FEF5529-9763-4964-886B-BFE2DA144874}.Debug|Any CPU.Build.0 = Debug|Any CPU
		{9FEF5529-9763-4964-886B-BFE2DA144874}.Release|Any CPU.ActiveCfg = Release|Any CPU
		{9FEF5529-9763-4964-886B-BFE2DA144874}.Release|Any CPU.Build.0 = Release|Any CPU
	EndGlobalSection
	GlobalSection(SolutionProperties) = preSolution
		HideSolutionNode = FALSE
	EndGlobalSection
	GlobalSection(ExtensibilityGlobals) = postSolution
		SolutionGuid = {23CE90C9-AFAB-45B3-83DE-37D85D7D707F}
	EndGlobalSection
EndGlobal
